{
    "name": "@js-joda/locale_ro",
    "version": "4.15.1",
    "lockfileVersion": 3,
    "requires": true,
    "packages": {
        "": {
            "name": "@js-joda/locale_ro",
            "version": "4.15.1",
            "license": "BSD-3-Clause",
            "peerDependencies": {
                "@js-joda/core": ">=3.2.0",
                "@js-joda/timezone": "^2.3.0"
            }
        },
        "node_modules/@js-joda/core": {
            "version": "5.6.4",
            "resolved": "https://registry.npmjs.org/@js-joda/core/-/core-5.6.4.tgz",
            "integrity": "sha512-ChdLDTYMEoYoiKZMT90wZMEdGvZ2/QZMnhvjvEqeO5oLoxUfSiLzfe6Lhf3g88+MhZ+utbAu7PAxX1sZkLo5pA==",
            "license": "BSD-3-Clause",
            "peer": true
        },
        "node_modules/@js-joda/timezone": {
            "version": "2.21.2",
            "resolved": "https://registry.npmjs.org/@js-joda/timezone/-/timezone-2.21.2.tgz",
            "integrity": "sha512-+eBODVO3a5Dy/vWH2WxshmZuHAh/pnU6vw/8dq9/HODvvsN6FaeW45voP12MTfOWYuwb5dFvPP8Wp91YckaYWw==",
            "license": "BSD-3-Clause",
            "peer": true,
            "peerDependencies": {
                "@js-joda/core": ">=1.11.0"
            }
        }
    }
}
