{
  "name": "@js-joda/tzdb-builder",
  "version": "0.0.0",
  "lockfileVersion": 3,
  "requires": true,
  "packages": {
    "": {
      "name": "@js-joda/tzdb-builder",
      "version": "0.0.0",
      "license": "BSD-3-Clause",
      "devDependencies": {
        "zx": "^8.8.5"
      },
      "engines": {
        "node": ">=20"
      }
    },
    "node_modules/zx": {
      "version": "8.8.5",
      "resolved": "https://registry.npmjs.org/zx/-/zx-8.8.5.tgz",
      "integrity": "sha512-SNgDF5L0gfN7FwVOdEFguY3orU5AkfFZm9B5YSHog/UDHv+lvmd82ZAsOenOkQixigwH2+yyH198AwNdKhj+RA==",
      "dev": true,
      "license": "Apache-2.0",
      "bin": {
        "zx": "build/cli.js"
      },
      "engines": {
        "node": ">= 12.17.0"
      }
    }
  }
}
