{
  "name": "@js-joda/examples",
  "version": "1.0.0",
  "lockfileVersion": 1,
  "requires": true,
  "dependencies": {
    "@js-joda/core": {
      "version": "4.0.0",
      "resolved": "https://registry.npmjs.org/@js-joda/core/-/core-4.0.0.tgz",
      "integrity": "sha512-zKQgmIya9kA8fc4SuIknXGgT2cwX92MjrWyHWsC/pccSl4gXacYpdYgtc2tIj0VOe63Vp6DDKvTO6UpuyQ+tXg=="
    },
    "@js-joda/extra": {
      "version": "0.4.0",
      "resolved": "https://registry.npmjs.org/@js-joda/extra/-/extra-0.4.0.tgz",
      "integrity": "sha512-Cx7TrlKKa5ctMrZwEftqpq678LiDjBOvWiWP9pp60G4gMaH7PnIO+v/7g2jkoQDU0s1frwXWUj/HMiTwBa7YBA=="
    },
    "@js-joda/locale": {
      "version": "4.0.0",
      "resolved": "https://registry.npmjs.org/@js-joda/locale/-/locale-4.0.0.tgz",
      "integrity": "sha512-whdSuZRaaGfUjbO2uGGMeA4/QWRuhrhDG3hGMfZFJx5lO1zLVdMhylwkDbBRzBMNHRVTT4BmkFCBP9wcbzvCWw=="
    },
    "@js-joda/locale_en-us": {
      "version": "4.0.1",
      "resolved": "https://registry.npmjs.org/@js-joda/locale_en-us/-/locale_en-us-4.0.1.tgz",
      "integrity": "sha512-aygJ/3Hi8mPEmn0NTMYMdzW6wg3wUMZHFB7wo7EEcZvgrCrOpRndvVSeVnwC/wN5Jx9H/RLtqd5KFwRPw7RWTA=="
    },
    "@js-joda/locale_ko": {
      "version": "4.0.1",
      "resolved": "https://registry.npmjs.org/@js-joda/locale_ko/-/locale_ko-4.0.1.tgz",
      "integrity": "sha512-+sGR/uHYazCUpeBQWypnbpNd0XQtx8H3KC2WxoHtCEv1orJ3RgcWfo3yxfhNFCQAH5IeASgQhzBxZsmjHWlibQ=="
    },
    "@js-joda/timezone": {
      "version": "2.6.0",
      "resolved": "https://registry.npmjs.org/@js-joda/timezone/-/timezone-2.6.0.tgz",
      "integrity": "sha512-Onz6+SMNinwMiWupkEiyAAjQeAlcAh1QcgsAKRug25XsKrT2dVBAWO1N8YuSahnQ5YecJ3JRxKZzYwXzn+XB6A=="
    }
  }
}
