{
  "name": "@js-joda/examples",
  "version": "1.1.1",
  "lockfileVersion": 1,
  "requires": true,
  "dependencies": {
    "@js-joda/core": {
      "version": "4.1.0",
      "resolved": "https://registry.npmjs.org/@js-joda/core/-/core-4.1.0.tgz",
      "integrity": "sha512-uz0sXI5+ahKDLfaH1OTqBVy+tlY8FDKeRbVAq0bc9cVh/+7D4n/gQLKN5KnqwaM1b02AnYoa3Xs8yXkGGtKPig==",
      "dev": true
    },
    "@js-joda/extra": {
      "version": "0.5.1",
      "resolved": "https://registry.npmjs.org/@js-joda/extra/-/extra-0.5.1.tgz",
      "integrity": "sha512-EmaH4LF5MnhzCNyyoAgiXWWHhmHREprA4x4B2vyqRSabc0bqR9MMIn4BwKpP6TKqOXkVTA0J0TgNMiSjyRMQgg==",
      "dev": true
    },
    "@js-joda/locale": {
      "version": "4.1.0",
      "resolved": "https://registry.npmjs.org/@js-joda/locale/-/locale-4.1.0.tgz",
      "integrity": "sha512-/i1Y4LOB/qI7CiEGblemBm0usOgmGmzuTCShHvt2AK9JHIffIwJAMtIq/TYfhsoI9kMX8VHpsOsG9bDt5i7ULQ==",
      "dev": true
    },
    "@js-joda/locale_en-us": {
      "version": "4.1.0",
      "resolved": "https://registry.npmjs.org/@js-joda/locale_en-us/-/locale_en-us-4.1.0.tgz",
      "integrity": "sha512-LlMz8xKU+8jT3Qxs5VPQfUNhQ9LnKyKJgBKm477RySDxWqBdqdOQi6WKoPuOUC4yeYQ1vWktgTTc/BG2yjUc8Q==",
      "dev": true
    },
    "@js-joda/locale_ko": {
      "version": "4.1.0",
      "resolved": "https://registry.npmjs.org/@js-joda/locale_ko/-/locale_ko-4.1.0.tgz",
      "integrity": "sha512-ruQXJUeLT4bjgUhy+gp/0yDOo5MbpzSlnOM/2orNvoeYVXJYn3NNW6inQOXwMj57gEyLHLRwzzCvpJ3pg29EWQ==",
      "dev": true
    },
    "@js-joda/timezone": {
      "version": "2.8.0",
      "resolved": "https://registry.npmjs.org/@js-joda/timezone/-/timezone-2.8.0.tgz",
      "integrity": "sha512-ewNYIveVviDztEnVtyPvJsrhIlut5jO73HB5SVss2ErmannjENOaNMjeuVsQ5+XSc+x3PpKT2eyCF0SJSPxr3g==",
      "dev": true
    },
    "benchmark": {
      "version": "2.1.4",
      "resolved": "https://registry.npmjs.org/benchmark/-/benchmark-2.1.4.tgz",
      "integrity": "sha1-CfPeMckWQl1JjMLuVloOvzwqVik=",
      "dev": true,
      "requires": {
        "lodash": "^4.17.4",
        "platform": "^1.3.3"
      }
    },
    "lodash": {
      "version": "4.17.21",
      "resolved": "https://registry.npmjs.org/lodash/-/lodash-4.17.21.tgz",
      "integrity": "sha512-v2kDEe57lecTulaDIuNTPy3Ry4gLGJ6Z1O3vE1krgXZNrsQ+LFTGHVxVjcXPs17LhbZVGedAJv8XZ1tvj5FvSg==",
      "dev": true
    },
    "moment": {
      "version": "2.29.1",
      "resolved": "https://registry.npmjs.org/moment/-/moment-2.29.1.tgz",
      "integrity": "sha512-kHmoybcPV8Sqy59DwNDY3Jefr64lK/by/da0ViFcuA4DH0vQg5Q6Ze5VimxkfQNSC+Mls/Kx53s7TjP1RhFEDQ==",
      "dev": true
    },
    "platform": {
      "version": "1.3.6",
      "resolved": "https://registry.npmjs.org/platform/-/platform-1.3.6.tgz",
      "integrity": "sha512-fnWVljUchTro6RiCFvCXBbNhJc2NijN7oIQxbwsyL0buWJPG85v81ehlHI9fXrJsMNgTofEoWIQeClKpgxFLrg==",
      "dev": true
    }
  }
}
