{
  "name": "@js-joda/timezone",
  "version": "2.10.0",
  "lockfileVersion": 1,
  "requires": true,
  "dependencies": {
    "@js-joda/core": {
      "version": "4.3.1",
      "resolved": "https://registry.npmjs.org/@js-joda/core/-/core-4.3.1.tgz",
      "integrity": "sha512-oeaetlodcqVsiZDxnEcqsbs+sXBkASxua0mXs5OXuPQXz3/wdPTMlxwfQ4z2HKcOik3S9voW3QJkp/KLWDhvRQ==",
      "dev": true
    }
  }
}
