{
  "name": "@js-joda/timezone",
  "version": "2.22.0",
  "lockfileVersion": 3,
  "requires": true,
  "packages": {
    "": {
      "name": "@js-joda/timezone",
      "version": "2.22.0",
      "license": "BSD-3-Clause",
      "devDependencies": {
        "@js-joda/core": "^5.6.5"
      },
      "peerDependencies": {
        "@js-joda/core": ">=1.11.0"
      }
    },
    "../core": {
      "name": "@js-joda/core",
      "version": "5.6.5",
      "dev": true,
      "license": "BSD-3-Clause"
    },
    "node_modules/@js-joda/core": {
      "resolved": "../core",
      "link": true
    }
  }
}
