{
  "name": "@js-joda/timezone",
  "version": "2.9.0",
  "lockfileVersion": 1,
  "requires": true,
  "dependencies": {
    "@js-joda/core": {
      "version": "4.3.0",
      "resolved": "https://registry.npmjs.org/@js-joda/core/-/core-4.3.0.tgz",
      "integrity": "sha512-9PQ0T0r/J32cZJoj+1dN+poc9MktQj8V1rO4Nv4Cb1Xid90N3ZOKqwEYUHLrHlYzpw7YcxMUG3HMYfpY4DQOdQ==",
      "dev": true
    }
  }
}
