{
  "name": "@js-joda/extra",
  "version": "0.5.1",
  "lockfileVersion": 1,
  "requires": true,
  "dependencies": {
    "@js-joda/core": {
      "version": "1.12.0",
      "resolved": "https://registry.npmjs.org/@js-joda/core/-/core-1.12.0.tgz",
      "integrity": "sha512-XfqsWzY2jRUcVesKJ/vbZPDzfBZo2jHBWofabPozJQFguSQ0XEaUbdFPBeUICUmfeRsQn/Z+/SPTHSboT0XO3A==",
      "dev": true
    }
  }
}
