{
  "name": "@js-joda/extra",
  "version": "0.5.1",
  "lockfileVersion": 1,
  "requires": true,
  "dependencies": {
    "@js-joda/core": {
      "version": "4.2.1",
      "resolved": "https://registry.npmjs.org/@js-joda/core/-/core-4.2.1.tgz",
      "integrity": "sha512-/PX1W+qCLfSYjHV3HtEuH6vaGuTtjvfA8ERt3xib8MmNkE6jSieFi/BZGPzHAbWLTgPpdNDQVDi4HgV1G7VCDg==",
      "dev": true
    }
  }
}
